PODS:
  - AWSCore (2.6.29)
  - AWSDynamoDB (2.6.29):
    - AWSCore (= 2.6.29)
  - AWSIoT (2.6.29):
    - AWSCore (= 2.6.29)
  - Charts (3.1.0):
    - Charts/Core (= 3.1.0)
  - Charts/Core (3.1.0)

DEPENDENCIES:
  - AWSDynamoDB
  - AWSIoT
  - Charts (= 3.1.0)

SPEC REPOS:
  https://github.com/cocoapods/specs.git:
    - AWSCore
    - AWSDynamoDB
    - AWSIoT
    - Charts

SPEC CHECKSUMS:
  AWSCore: cef664649db38b1cfc43d5669baa95d6479f0e21
  AWSDynamoDB: 32f5da8f129d2504333a8d7ae3de6542fdad30ab
  AWSIoT: 7f6a3a29c7d87455b783e18bd3905d51b6902532
  Charts: 0b0c96f6118b6ce63f11adbcaa3b31045ee4d772

PODFILE CHECKSUM: dced0b6d57e70f5873820f7d87ef6c6db8b70df0

COCOAPODS: 1.6.1
